
Microsoft Visual Studio Solution File, Format Version 12.00
# Visual Studio 15
VisualStudioVersion = 15.0.27130.2010
MinimumVisualStudioVersion = 10.0.40219.1
Project("{FAE04EC0-301F-11D3-BF4B-00C04F79EFBC}") = "GreenRoad.Domain", "GreenRoad.Domain\GreenRoad.Domain.csproj", "{B7557BA8-DCC0-4841-AD63-A11F4CE99415}"
EndProject
Project("{FAE04EC0-301F-11D3-BF4B-00C04F79EFBC}") = "GreenRoad.DataAccess", "GreenRoad.DataAccess\GreenRoad.DataAccess.csproj", "{49E60013-D8D8-4561-A953-146FCAB51F09}"
EndProject
Project("{FAE04EC0-301F-11D3-BF4B-00C04F79EFBC}") = "GreenRoad.Api", "GreenRoad.Api\GreenRoad.Api.csproj", "{A414B68E-BF41-4336-8AF1-1AF1813B988B}"
EndProject
Project("{FAE04EC0-301F-11D3-BF4B-00C04F79EFBC}") = "GreenRoad.Web", "GreenRoad.Web\GreenRoad.Web.csproj", "{6E64AE69-EDC3-4B94-A2EA-2431DE83593B}"
EndProject
Global
	GlobalSection(SolutionConfigurationPlatforms) = preSolution
		Debug|Any CPU = Debug|Any CPU
		Release|Any CPU = Release|Any CPU
	EndGlobalSection
	GlobalSection(ProjectConfigurationPlatforms) = postSolution
		{B7557BA8-DCC0-4841-AD63-A11F4CE99415}.Debug|Any CPU.ActiveCfg = Debug|Any CPU
		{B7557BA8-DCC0-4841-AD63-A11F4CE99415}.Debug|Any CPU.Build.0 = Debug|Any CPU
		{B7557BA8-DCC0-4841-AD63-A11F4CE99415}.Release|Any CPU.ActiveCfg = Release|Any CPU
		{B7557BA8-DCC0-4841-AD63-A11F4CE99415}.Release|Any CPU.Build.0 = Release|Any CPU
		{49E60013-D8D8-4561-A953-146FCAB51F09}.Debug|Any CPU.ActiveCfg = Debug|Any CPU
		{49E60013-D8D8-4561-A953-146FCAB51F09}.Debug|Any CPU.Build.0 = Debug|Any CPU
		{49E60013-D8D8-4561-A953-146FCAB51F09}.Release|Any CPU.ActiveCfg = Release|Any CPU
		{49E60013-D8D8-4561-A953-146FCAB51F09}.Release|Any CPU.Build.0 = Release|Any CPU
		{A414B68E-BF41-4336-8AF1-1AF1813B988B}.Debug|Any CPU.ActiveCfg = Debug|Any CPU
		{A414B68E-BF41-4336-8AF1-1AF1813B988B}.Debug|Any CPU.Build.0 = Debug|Any CPU
		{A414B68E-BF41-4336-8AF1-1AF1813B988B}.Release|Any CPU.ActiveCfg = Release|Any CPU
		{A414B68E-BF41-4336-8AF1-1AF1813B988B}.Release|Any CPU.Build.0 = Release|Any CPU
		{6E64AE69-EDC3-4B94-A2EA-2431DE83593B}.Debug|Any CPU.ActiveCfg = Debug|Any CPU
		{6E64AE69-EDC3-4B94-A2EA-2431DE83593B}.Debug|Any CPU.Build.0 = Debug|Any CPU
		{6E64AE69-EDC3-4B94-A2EA-2431DE83593B}.Release|Any CPU.ActiveCfg = Release|Any CPU
		{6E64AE69-EDC3-4B94-A2EA-2431DE83593B}.Release|Any CPU.Build.0 = Release|Any CPU
	EndGlobalSection
	GlobalSection(SolutionProperties) = preSolution
		HideSolutionNode = FALSE
	EndGlobalSection
	GlobalSection(ExtensibilityGlobals) = postSolution
		SolutionGuid = {F80208A0-41CB-4FAE-A0C5-684D77303D76}
	EndGlobalSection
EndGlobal
